
Microsoft Visual Studio Solution File, Format Version 12.00
# Visual Studio Version 17
VisualStudioVersion = 17.7.34024.191
MinimumVisualStudioVersion = 10.0.40219.1
Project("{FAE04EC0-301F-11D3-BF4B-00C04F79EFBC}") = "BrainDumpApi", "BrainDumpApi\BrainDumpApi.csproj", "{DFFCC139-74CE-4795-98B0-339618AF5EDE}"
EndProject
Global
	GlobalSection(SolutionConfigurationPlatforms) = preSolution
		Debug|Any CPU = Debug|Any CPU
		Release|Any CPU = Release|Any CPU
	EndGlobalSection
	GlobalSection(ProjectConfigurationPlatforms) = postSolution
		{DFFCC139-74CE-4795-98B0-339618AF5EDE}.Debug|Any CPU.ActiveCfg = Debug|Any CPU
		{DFFCC139-74CE-4795-98B0-339618AF5EDE}.Debug|Any CPU.Build.0 = Debug|Any CPU
		{DFFCC139-74CE-4795-98B0-339618AF5EDE}.Release|Any CPU.ActiveCfg = Release|Any CPU
		{DFFCC139-74CE-4795-98B0-339618AF5EDE}.Release|Any CPU.Build.0 = Release|Any CPU
	EndGlobalSection
	GlobalSection(SolutionProperties) = preSolution
		HideSolutionNode = FALSE
	EndGlobalSection
	GlobalSection(ExtensibilityGlobals) = postSolution
		SolutionGuid = {AE3F14BA-97CB-4B12-B883-60424A166D50}
	EndGlobalSection
EndGlobal
